<?xml version="1.0" encoding="utf-8"?>
<Project ToolsVersion="4.0" xmlns="http://schemas.microsoft.com/developer/msbuild/2003">
  <ItemGroup>
    <Filter Include="1-Your_First_Triangle">
      <UniqueIdentifier>{8E4CBAF0-FAB8-75EB-C3AC-0D492FD89753}</UniqueIdentifier>
    </Filter>
    <Filter Include="2-Vertex_Transformations">
      <UniqueIdentifier>{4B774CCE-379C-9B4E-60E7-80DE4C6B9A6C}</UniqueIdentifier>
    </Filter>
    <Filter Include="3-Editor_Camera_Showcase">
      <UniqueIdentifier>{10DEA3B8-FC02-F338-254E-D8C811D2F156}</UniqueIdentifier>
    </Filter>
    <Filter Include="4-Texture_Mapping">
      <UniqueIdentifier>{221CBB3A-8E32-B9D0-D7A9-44F243FF8958}</UniqueIdentifier>
    </Filter>
    <Filter Include="5-Depth_Testing">
      <UniqueIdentifier>{79C3E798-E54E-555D-EE5F-D8515A6AB15D}</UniqueIdentifier>
    </Filter>
    <Filter Include="6-Stencil_Testing">
      <UniqueIdentifier>{17F310FB-8309-0F91-CC80-9AB238D6DF18}</UniqueIdentifier>
    </Filter>
  </ItemGroup>
  <ItemGroup>
    <ClInclude Include="src\1-Your_First_Triangle\TriangleRenderer.h">
      <Filter>1-Your_First_Triangle</Filter>
    </ClInclude>
    <ClInclude Include="src\2-Vertex_Transformations\VertexTransformRenderer.h">
      <Filter>2-Vertex_Transformations</Filter>
    </ClInclude>
    <ClInclude Include="src\3-Editor_Camera_Showcase\EditorShowcaseLayer.h">
      <Filter>3-Editor_Camera_Showcase</Filter>
    </ClInclude>
    <ClInclude Include="src\4-Texture_Mapping\TextureMappingLayer.h">
      <Filter>4-Texture_Mapping</Filter>
    </ClInclude>
    <ClInclude Include="src\5-Depth_Testing\DepthTestingLayer.h">
      <Filter>5-Depth_Testing</Filter>
    </ClInclude>
    <ClInclude Include="src\6-Stencil_Testing\StencilTestingLayer.h">
      <Filter>6-Stencil_Testing</Filter>
    </ClInclude>
  </ItemGroup>
  <ItemGroup>
    <ClCompile Include="src\1-Your_First_Triangle\TriangleRenderer.cpp">
      <Filter>1-Your_First_Triangle</Filter>
    </ClCompile>
    <ClCompile Include="src\2-Vertex_Transformations\VertexTransformRenderer.cpp">
      <Filter>2-Vertex_Transformations</Filter>
    </ClCompile>
    <ClCompile Include="src\3-Editor_Camera_Showcase\EditorShowcaseLayer.cpp">
      <Filter>3-Editor_Camera_Showcase</Filter>
    </ClCompile>
    <ClCompile Include="src\4-Texture_Mapping\TextureMappingLayer.cpp">
      <Filter>4-Texture_Mapping</Filter>
    </ClCompile>
    <ClCompile Include="src\5-Depth_Testing\DepthTestingLayer.cpp">
      <Filter>5-Depth_Testing</Filter>
    </ClCompile>
    <ClCompile Include="src\6-Stencil_Testing\StencilTestingLayer.cpp">
      <Filter>6-Stencil_Testing</Filter>
    </ClCompile>
    <ClCompile Include="src\SandboxEntry.cpp" />
  </ItemGroup>
</Project>