<?xml version="1.0" encoding="utf-8"?>
<Project ToolsVersion="4.0" xmlns="http://schemas.microsoft.com/developer/msbuild/2003">
  <ItemGroup>
    <Filter Include="1-Your_First_Triangle">
      <UniqueIdentifier>{8E4CBAF0-FAB8-75EB-C3AC-0D492FD89753}</UniqueIdentifier>
    </Filter>
    <Filter Include="10-Height_Map">
      <UniqueIdentifier>{69B6DA2F-D576-5666-9EB1-9FE30A319B42}</UniqueIdentifier>
    </Filter>
    <Filter Include="11-Model_Loading">
      <UniqueIdentifier>{A289A33D-8E82-C28F-B7B4-A714A30CA29B}</UniqueIdentifier>
    </Filter>
    <Filter Include="12-Frame_Buffers">
      <UniqueIdentifier>{4C3697B5-382F-B607-6161-9B8C4DB99513}</UniqueIdentifier>
    </Filter>
    <Filter Include="13-Texture_Cubes_Skybox">
      <UniqueIdentifier>{17871662-83BE-5EF9-8CC8-C21CF87E85F2}</UniqueIdentifier>
    </Filter>
    <Filter Include="14-GLSL_Exploration">
      <UniqueIdentifier>{5D9A27F1-C9FB-04FF-5269-4BB1BEC93BBE}</UniqueIdentifier>
    </Filter>
    <Filter Include="15-Instancing">
      <UniqueIdentifier>{E6748F53-5235-0B8A-1B70-540787EF4F66}</UniqueIdentifier>
    </Filter>
    <Filter Include="16-Tesselation">
      <UniqueIdentifier>{045B58EE-F028-4CF4-D9BC-BC1AC5292859}</UniqueIdentifier>
    </Filter>
    <Filter Include="17-Lighting">
      <UniqueIdentifier>{F0585A78-5C0E-D36D-E502-CD4451B7C971}</UniqueIdentifier>
    </Filter>
    <Filter Include="18-Shadows">
      <UniqueIdentifier>{14054DED-00BD-8E3A-69C4-6796559B292B}</UniqueIdentifier>
    </Filter>
    <Filter Include="19-Multiple_Shadows">
      <UniqueIdentifier>{E0918ED3-4CF3-6BE1-D560-B29341C1A2A0}</UniqueIdentifier>
    </Filter>
    <Filter Include="2-Vertex_Transformations">
      <UniqueIdentifier>{4B774CCE-379C-9B4E-60E7-80DE4C6B9A6C}</UniqueIdentifier>
    </Filter>
    <Filter Include="20-Bump_Mapping">
      <UniqueIdentifier>{D3DB068C-3F67-7450-4878-F744B482D050}</UniqueIdentifier>
    </Filter>
    <Filter Include="3-Editor_Camera_Showcase">
      <UniqueIdentifier>{10DEA3B8-FC02-F338-254E-D8C811D2F156}</UniqueIdentifier>
    </Filter>
    <Filter Include="4-Texture_Mapping">
      <UniqueIdentifier>{221CBB3A-8E32-B9D0-D7A9-44F243FF8958}</UniqueIdentifier>
    </Filter>
    <Filter Include="5-Depth_Testing">
      <UniqueIdentifier>{79C3E798-E54E-555D-EE5F-D8515A6AB15D}</UniqueIdentifier>
    </Filter>
    <Filter Include="6-Stencil_Testing">
      <UniqueIdentifier>{17F310FB-8309-0F91-CC80-9AB238D6DF18}</UniqueIdentifier>
    </Filter>
    <Filter Include="7-Blending">
      <UniqueIdentifier>{0CA0F5E3-F857-3731-615F-108D4D36D221}</UniqueIdentifier>
    </Filter>
    <Filter Include="8-Scene_Graphs">
      <UniqueIdentifier>{3C414682-280F-3A88-11A3-AAAEFD0F16ED}</UniqueIdentifier>
    </Filter>
    <Filter Include="9-Scene_Class">
      <UniqueIdentifier>{4E29C03B-BAE9-3B72-8324-85EFEFA3804E}</UniqueIdentifier>
    </Filter>
    <Filter Include="Environment_Scene">
      <UniqueIdentifier>{E7D0B2B1-53E7-B047-9C5E-3C6908B481CF}</UniqueIdentifier>
    </Filter>
  </ItemGroup>
  <ItemGroup>
    <ClInclude Include="src\Environment_Scene\EnvironmentSceneLayer.h">
      <Filter>Environment_Scene</Filter>
    </ClInclude>
    <ClInclude Include="src\Environment_Scene\EnvironmentSceneResources.h">
      <Filter>Environment_Scene</Filter>
    </ClInclude>
  </ItemGroup>
  <ItemGroup>
    <ClCompile Include="src\Environment_Scene\EnvironmentSceneLayer.cpp">
      <Filter>Environment_Scene</Filter>
    </ClCompile>
    <ClCompile Include="src\SandboxEntry.cpp" />
  </ItemGroup>
</Project>